
Microsoft Visual Studio Solution File, Format Version 12.00
# Visual Studio Version 16
VisualStudioVersion = 16.0.30104.148
MinimumVisualStudioVersion = 10.0.40219.1
Project("{FAE04EC0-301F-11D3-BF4B-00C04F79EFBC}") = "FreshShop.MvcWebUI", "FreshShop.MvcWebUI\FreshShop.MvcWebUI.csproj", "{DF8EFC08-F39B-4138-A64E-6728F9E613C3}"
EndProject
Project("{FAE04EC0-301F-11D3-BF4B-00C04F79EFBC}") = "FreshShop.DataAccess", "FreshShop.DataAccess\FreshShop.DataAccess.csproj", "{4A226FCF-5C16-40D9-8041-73697338CA3C}"
EndProject
Project("{FAE04EC0-301F-11D3-BF4B-00C04F79EFBC}") = "FreshShop.Business", "FreshShop.Business\FreshShop.Business.csproj", "{349AD38B-F9CF-48C5-9614-C3E79FFFDE8F}"
EndProject
Project("{FAE04EC0-301F-11D3-BF4B-00C04F79EFBC}") = "FreshShop.Model", "FreshShop.Model\FreshShop.Model.csproj", "{5B3C9776-6774-4C56-BF3B-29E8527D1E7A}"
EndProject
Global
	GlobalSection(SolutionConfigurationPlatforms) = preSolution
		Debug|Any CPU = Debug|Any CPU
		Release|Any CPU = Release|Any CPU
	EndGlobalSection
	GlobalSection(ProjectConfigurationPlatforms) = postSolution
		{DF8EFC08-F39B-4138-A64E-6728F9E613C3}.Debug|Any CPU.ActiveCfg = Debug|Any CPU
		{DF8EFC08-F39B-4138-A64E-6728F9E613C3}.Debug|Any CPU.Build.0 = Debug|Any CPU
		{DF8EFC08-F39B-4138-A64E-6728F9E613C3}.Release|Any CPU.ActiveCfg = Release|Any CPU
		{DF8EFC08-F39B-4138-A64E-6728F9E613C3}.Release|Any CPU.Build.0 = Release|Any CPU
		{4A226FCF-5C16-40D9-8041-73697338CA3C}.Debug|Any CPU.ActiveCfg = Debug|Any CPU
		{4A226FCF-5C16-40D9-8041-73697338CA3C}.Debug|Any CPU.Build.0 = Debug|Any CPU
		{4A226FCF-5C16-40D9-8041-73697338CA3C}.Release|Any CPU.ActiveCfg = Release|Any CPU
		{4A226FCF-5C16-40D9-8041-73697338CA3C}.Release|Any CPU.Build.0 = Release|Any CPU
		{349AD38B-F9CF-48C5-9614-C3E79FFFDE8F}.Debug|Any CPU.ActiveCfg = Debug|Any CPU
		{349AD38B-F9CF-48C5-9614-C3E79FFFDE8F}.Debug|Any CPU.Build.0 = Debug|Any CPU
		{349AD38B-F9CF-48C5-9614-C3E79FFFDE8F}.Release|Any CPU.ActiveCfg = Release|Any CPU
		{349AD38B-F9CF-48C5-9614-C3E79FFFDE8F}.Release|Any CPU.Build.0 = Release|Any CPU
		{5B3C9776-6774-4C56-BF3B-29E8527D1E7A}.Debug|Any CPU.ActiveCfg = Debug|Any CPU
		{5B3C9776-6774-4C56-BF3B-29E8527D1E7A}.Debug|Any CPU.Build.0 = Debug|Any CPU
		{5B3C9776-6774-4C56-BF3B-29E8527D1E7A}.Release|Any CPU.ActiveCfg = Release|Any CPU
		{5B3C9776-6774-4C56-BF3B-29E8527D1E7A}.Release|Any CPU.Build.0 = Release|Any CPU
	EndGlobalSection
	GlobalSection(SolutionProperties) = preSolution
		HideSolutionNode = FALSE
	EndGlobalSection
	GlobalSection(ExtensibilityGlobals) = postSolution
		SolutionGuid = {9411BBAC-8944-463C-847C-09ECC4EC360C}
	EndGlobalSection
EndGlobal
